
Microsoft Visual Studio Solution File, Format Version 12.00
# Visual Studio Version 17
VisualStudioVersion = 17.5.002.0
MinimumVisualStudioVersion = 10.0.40219.1
Project("{9A19103F-16F7-4668-BE54-9A1E7A4F7556}") = "MvcPractice", "MvcPractice.csproj", "{B8D2D03B-F54A-4329-85C4-1062C7D67D3C}"
EndProject
Global
	GlobalSection(SolutionConfigurationPlatforms) = preSolution
		Debug|Any CPU = Debug|Any CPU
		Release|Any CPU = Release|Any CPU
	EndGlobalSection
	GlobalSection(ProjectConfigurationPlatforms) = postSolution
		{B8D2D03B-F54A-4329-85C4-1062C7D67D3C}.Debug|Any CPU.ActiveCfg = Debug|Any CPU
		{B8D2D03B-F54A-4329-85C4-1062C7D67D3C}.Debug|Any CPU.Build.0 = Debug|Any CPU
		{B8D2D03B-F54A-4329-85C4-1062C7D67D3C}.Release|Any CPU.ActiveCfg = Release|Any CPU
		{B8D2D03B-F54A-4329-85C4-1062C7D67D3C}.Release|Any CPU.Build.0 = Release|Any CPU
	EndGlobalSection
	GlobalSection(SolutionProperties) = preSolution
		HideSolutionNode = FALSE
	EndGlobalSection
	GlobalSection(ExtensibilityGlobals) = postSolution
		SolutionGuid = {BFE2F025-85A9-4676-A9D4-2E8DDE18B4E4}
	EndGlobalSection
EndGlobal
